# This file is generated by running "yarn install" inside your project.
# Manual changes might be lost - proceed with caution!

__metadata:
  version: 6
  cacheKey: 8

"@jabberwocky-labs/prettier-config@https://github.com/jabberwocky-labs/prettier-config":
  version: 0.0.1
  resolution: "@jabberwocky-labs/prettier-config@https://github.com/jabberwocky-labs/prettier-config.git#commit=ace3762ed7c74b13fd1c38ddff6c260085430949"
  checksum: ad8fc9cada1e9511bedd4d76ffdb4ad714bc40b3c8f8901b1ede55630817e51d51482354e14d5b437b3f88ae5aaf65882be94b6594f19326e5faf98b22c3356a
  languageName: node
  linkType: hard

"@jabberwocky-labs/tsconfig-node@workspace:.":
  version: 0.0.0-use.local
  resolution: "@jabberwocky-labs/tsconfig-node@workspace:."
  dependencies:
    "@jabberwocky-labs/prettier-config": "https://github.com/jabberwocky-labs/prettier-config"
    "@jabberwocky-labs/tsconfig": "https://github.com/jabberwocky-labs/tsconfig"
    "@types/node": 18.11.18
    prettier: 2.8.3
  languageName: unknown
  linkType: soft

"@jabberwocky-labs/tsconfig@https://github.com/jabberwocky-labs/tsconfig":
  version: 0.0.1
  resolution: "@jabberwocky-labs/tsconfig@https://github.com/jabberwocky-labs/tsconfig.git#commit=5b3813f3de938ab80e5fd1080dee5f2fd285046a"
  checksum: bb1be86c305fca321f635559319bfc4f4f032c967fbd51a4f6d554234df96f8475f9d7cf0fbe5ffd48ffc638a58616d4ff0ca9e991bdb607d5855560d38d9bac
  languageName: node
  linkType: hard

"@types/node@npm:18.11.18":
  version: 18.11.18
  resolution: "@types/node@npm:18.11.18"
  checksum: 03f17f9480f8d775c8a72da5ea7e9383db5f6d85aa5fefde90dd953a1449bd5e4ffde376f139da4f3744b4c83942166d2a7603969a6f8ea826edfb16e6e3b49d
  languageName: node
  linkType: hard

"prettier@npm:2.8.3":
  version: 2.8.3
  resolution: "prettier@npm:2.8.3"
  bin:
    prettier: bin-prettier.js
  checksum: 92f2ceb522d454370e02082aa74ad27388672f7cee8975028b59517c069fe643bdc73e322675c8faf2ff173d7a626d1a6389f26b474000308e793aa25fff46e5
  languageName: node
  linkType: hard
